
Microsoft Visual Studio Solution File, Format Version 12.00
# Visual Studio 14
VisualStudioVersion = 14.0.24720.0
MinimumVisualStudioVersion = 10.0.40219.1
Project("{FAE04EC0-301F-11D3-BF4B-00C04F79EFBC}") = "02. WebCalculator", "02. WebCalculator\02. WebCalculator.csproj", "{028CDBFE-AABF-448E-B00F-18297D9068AB}"
EndProject
Project("{FAE04EC0-301F-11D3-BF4B-00C04F79EFBC}") = "03. InformationalApp", "03. InformationalApp\03. InformationalApp.csproj", "{A6D72282-9514-48AB-A310-FEA60D690C69}"
EndProject
Project("{FAE04EC0-301F-11D3-BF4B-00C04F79EFBC}") = "04. CutstomRoute", "04. CutstomRoute\04. CutstomRoute.csproj", "{60D6B024-849E-4032-A50B-0D5025025A10}"
EndProject
Global
	GlobalSection(SolutionConfigurationPlatforms) = preSolution
		Debug|Any CPU = Debug|Any CPU
		Release|Any CPU = Release|Any CPU
	EndGlobalSection
	GlobalSection(ProjectConfigurationPlatforms) = postSolution
		{028CDBFE-AABF-448E-B00F-18297D9068AB}.Debug|Any CPU.ActiveCfg = Debug|Any CPU
		{028CDBFE-AABF-448E-B00F-18297D9068AB}.Debug|Any CPU.Build.0 = Debug|Any CPU
		{028CDBFE-AABF-448E-B00F-18297D9068AB}.Release|Any CPU.ActiveCfg = Release|Any CPU
		{028CDBFE-AABF-448E-B00F-18297D9068AB}.Release|Any CPU.Build.0 = Release|Any CPU
		{A6D72282-9514-48AB-A310-FEA60D690C69}.Debug|Any CPU.ActiveCfg = Debug|Any CPU
		{A6D72282-9514-48AB-A310-FEA60D690C69}.Debug|Any CPU.Build.0 = Debug|Any CPU
		{A6D72282-9514-48AB-A310-FEA60D690C69}.Release|Any CPU.ActiveCfg = Release|Any CPU
		{A6D72282-9514-48AB-A310-FEA60D690C69}.Release|Any CPU.Build.0 = Release|Any CPU
		{60D6B024-849E-4032-A50B-0D5025025A10}.Debug|Any CPU.ActiveCfg = Debug|Any CPU
		{60D6B024-849E-4032-A50B-0D5025025A10}.Debug|Any CPU.Build.0 = Debug|Any CPU
		{60D6B024-849E-4032-A50B-0D5025025A10}.Release|Any CPU.ActiveCfg = Release|Any CPU
		{60D6B024-849E-4032-A50B-0D5025025A10}.Release|Any CPU.Build.0 = Release|Any CPU
	EndGlobalSection
	GlobalSection(SolutionProperties) = preSolution
		HideSolutionNode = FALSE
	EndGlobalSection
EndGlobal
