
Microsoft Visual Studio Solution File, Format Version 12.00
# Visual Studio 14
VisualStudioVersion = 14.0.24720.0
MinimumVisualStudioVersion = 10.0.40219.1
Project("{FAE04EC0-301F-11D3-BF4B-00C04F79EFBC}") = "Twitter.Web", "Twitter.Web\Twitter.Web.csproj", "{27D2BFA7-9EFC-4E91-A0AC-9BA70BDB6DC5}"
EndProject
Project("{FAE04EC0-301F-11D3-BF4B-00C04F79EFBC}") = "Twitter.Data", "Twitter.Data\Twitter.Data.csproj", "{EE1D9053-53FA-4A43-B08A-32D7DE159F66}"
EndProject
Project("{FAE04EC0-301F-11D3-BF4B-00C04F79EFBC}") = "Twitter.Models", "Twitter.Models\Twitter.Models.csproj", "{B58FE0F0-1208-44BE-967C-10496EA71925}"
EndProject
Global
	GlobalSection(SolutionConfigurationPlatforms) = preSolution
		Debug|Any CPU = Debug|Any CPU
		Release|Any CPU = Release|Any CPU
	EndGlobalSection
	GlobalSection(ProjectConfigurationPlatforms) = postSolution
		{27D2BFA7-9EFC-4E91-A0AC-9BA70BDB6DC5}.Debug|Any CPU.ActiveCfg = Debug|Any CPU
		{27D2BFA7-9EFC-4E91-A0AC-9BA70BDB6DC5}.Debug|Any CPU.Build.0 = Debug|Any CPU
		{27D2BFA7-9EFC-4E91-A0AC-9BA70BDB6DC5}.Release|Any CPU.ActiveCfg = Release|Any CPU
		{27D2BFA7-9EFC-4E91-A0AC-9BA70BDB6DC5}.Release|Any CPU.Build.0 = Release|Any CPU
		{EE1D9053-53FA-4A43-B08A-32D7DE159F66}.Debug|Any CPU.ActiveCfg = Debug|Any CPU
		{EE1D9053-53FA-4A43-B08A-32D7DE159F66}.Debug|Any CPU.Build.0 = Debug|Any CPU
		{EE1D9053-53FA-4A43-B08A-32D7DE159F66}.Release|Any CPU.ActiveCfg = Release|Any CPU
		{EE1D9053-53FA-4A43-B08A-32D7DE159F66}.Release|Any CPU.Build.0 = Release|Any CPU
		{B58FE0F0-1208-44BE-967C-10496EA71925}.Debug|Any CPU.ActiveCfg = Debug|Any CPU
		{B58FE0F0-1208-44BE-967C-10496EA71925}.Debug|Any CPU.Build.0 = Debug|Any CPU
		{B58FE0F0-1208-44BE-967C-10496EA71925}.Release|Any CPU.ActiveCfg = Release|Any CPU
		{B58FE0F0-1208-44BE-967C-10496EA71925}.Release|Any CPU.Build.0 = Release|Any CPU
	EndGlobalSection
	GlobalSection(SolutionProperties) = preSolution
		HideSolutionNode = FALSE
	EndGlobalSection
EndGlobal
